{
  "version": 1,
  "dependencies": {
    ".NETCoreApp,Version=v3.1": {
      "AWSSDK.CloudFormation": {
        "type": "Transitive",
        "resolved": "3.7.9.14",
        "contentHash": "u5OX5vDfWQfrE9S9zqFCOFC2Hw85IhWWeIT51ACN+IIYPCXOe7MG5ahhii4SUrZh5CsOoV9+/5O+nBF1TztYzg==",
        "dependencies": {
          "AWSSDK.Core": "[3.7.8.10, 4.0.0)"
        }
      },
      "AWSSDK.Core": {
        "type": "Transitive",
        "resolved": "3.7.8.10",
        "contentHash": "WoOQlpgC2l98GgKFdvPNiIPlyoD/XqHB+oR8CVw2cM0NCuFwJ168zgwnKZOs9TRhP0KBhb0CPTN2Gb+DvUtyNA=="
      },
      "System.CommandLine": {
        "type": "Transitive",
        "resolved": "2.0.0-beta3.22114.1",
        "contentHash": "QMzk1jj+PzdGbwuVsxII7FcQaCelnK+TcRcAqOGVoPovLBCSQPdikKiEzb56vAidvum5t4LSdDZ34O4j7+ALgw==",
        "dependencies": {
          "System.Memory": "4.5.4"
        }
      },
      "System.CommandLine.NamingConventionBinder": {
        "type": "Transitive",
        "resolved": "2.0.0-beta3.22114.1",
        "contentHash": "sNy+prEfFXmNPL29FRaS35rwCT9gpXRT/LywFnCw1iB8b3aIp5eDOL0ykKrVdLVP3pYSvrBWVvb7cQZVMwE69A==",
        "dependencies": {
          "System.CommandLine": "2.0.0-beta3.22114.1"
        }
      },
      "System.Memory": {
        "type": "Transitive",
        "resolved": "4.5.4",
        "contentHash": "1MbJTHS1lZ4bS4FmsJjnuGJOu88ZzTT2rLvrhW7Ygic+pC0NWA+3hgAen0HRdsocuQXCkUTdFn9yHJJhsijDXw=="
      },
      "infrastructurecli": {
        "type": "Project",
        "dependencies": {
          "AWSSDK.CloudFormation": "3.7.9.14",
          "System.CommandLine": "2.0.0-beta3.22114.1",
          "System.CommandLine.NamingConventionBinder": "2.0.0-beta3.22114.1"
        }
      }
    },
    "net6.0": {
      "AWSSDK.CloudFormation": {
        "type": "Transitive",
        "resolved": "3.7.9.14",
        "contentHash": "u5OX5vDfWQfrE9S9zqFCOFC2Hw85IhWWeIT51ACN+IIYPCXOe7MG5ahhii4SUrZh5CsOoV9+/5O+nBF1TztYzg==",
        "dependencies": {
          "AWSSDK.Core": "[3.7.8.10, 4.0.0)"
        }
      },
      "AWSSDK.Core": {
        "type": "Transitive",
        "resolved": "3.7.8.10",
        "contentHash": "WoOQlpgC2l98GgKFdvPNiIPlyoD/XqHB+oR8CVw2cM0NCuFwJ168zgwnKZOs9TRhP0KBhb0CPTN2Gb+DvUtyNA=="
      },
      "System.CommandLine": {
        "type": "Transitive",
        "resolved": "2.0.0-beta3.22114.1",
        "contentHash": "QMzk1jj+PzdGbwuVsxII7FcQaCelnK+TcRcAqOGVoPovLBCSQPdikKiEzb56vAidvum5t4LSdDZ34O4j7+ALgw=="
      },
      "System.CommandLine.NamingConventionBinder": {
        "type": "Transitive",
        "resolved": "2.0.0-beta3.22114.1",
        "contentHash": "sNy+prEfFXmNPL29FRaS35rwCT9gpXRT/LywFnCw1iB8b3aIp5eDOL0ykKrVdLVP3pYSvrBWVvb7cQZVMwE69A==",
        "dependencies": {
          "System.CommandLine": "2.0.0-beta3.22114.1"
        }
      },
      "infrastructurecli": {
        "type": "Project",
        "dependencies": {
          "AWSSDK.CloudFormation": "3.7.9.14",
          "System.CommandLine": "2.0.0-beta3.22114.1",
          "System.CommandLine.NamingConventionBinder": "2.0.0-beta3.22114.1"
        }
      }
    }
  }
}