{
  "version": 1,
  "dependencies": {
    "net6.0": {
      "AWSSDK.CloudFormation": {
        "type": "Direct",
        "requested": "[3.7.300.3, )",
        "resolved": "3.7.300.3",
        "contentHash": "2yoCBTR8+r8OCxOkMsb3sVSgsuCs7Hrvk6vwUcE73dFnC48IVPYlaCdUJWb8sJ2uolvH/s5skfhOD5N4c+h00Q==",
        "dependencies": {
          "AWSSDK.Core": "[3.7.300.3, 4.0.0)"
        }
      },
      "System.CommandLine": {
        "type": "Direct",
        "requested": "[2.0.0-beta4.22272.1, )",
        "resolved": "2.0.0-beta4.22272.1",
        "contentHash": "1uqED/q2H0kKoLJ4+hI2iPSBSEdTuhfCYADeJrAqERmiGQ2NNacYKRNEQ+gFbU4glgVyK8rxI+ZOe1onEtr/Pg=="
      },
      "System.CommandLine.NamingConventionBinder": {
        "type": "Direct",
        "requested": "[2.0.0-beta4.22272.1, )",
        "resolved": "2.0.0-beta4.22272.1",
        "contentHash": "ux2eUA/syF+JtlpMDc/Lsd6PBIBuwjH3AvHnestoh5uD0WKT5b+wkQxDWVCqp9qgVjMBTLNhX19ZYFtenunt9A==",
        "dependencies": {
          "System.CommandLine": "2.0.0-beta4.22272.1"
        }
      },
      "AWSSDK.Core": {
        "type": "Transitive",
        "resolved": "3.7.300.3",
        "contentHash": "Ffqx+2+VXUxan1R/sHryxz6cDyJWScftN4hmpBOuKLOkNK+jcP2E0ODmPEzwGKeB1XnRRkjyfaRO0r1JD5FIQw=="
      }
    },
    "net7.0": {
      "AWSSDK.CloudFormation": {
        "type": "Direct",
        "requested": "[3.7.300.3, )",
        "resolved": "3.7.300.3",
        "contentHash": "2yoCBTR8+r8OCxOkMsb3sVSgsuCs7Hrvk6vwUcE73dFnC48IVPYlaCdUJWb8sJ2uolvH/s5skfhOD5N4c+h00Q==",
        "dependencies": {
          "AWSSDK.Core": "[3.7.300.3, 4.0.0)"
        }
      },
      "System.CommandLine": {
        "type": "Direct",
        "requested": "[2.0.0-beta4.22272.1, )",
        "resolved": "2.0.0-beta4.22272.1",
        "contentHash": "1uqED/q2H0kKoLJ4+hI2iPSBSEdTuhfCYADeJrAqERmiGQ2NNacYKRNEQ+gFbU4glgVyK8rxI+ZOe1onEtr/Pg=="
      },
      "System.CommandLine.NamingConventionBinder": {
        "type": "Direct",
        "requested": "[2.0.0-beta4.22272.1, )",
        "resolved": "2.0.0-beta4.22272.1",
        "contentHash": "ux2eUA/syF+JtlpMDc/Lsd6PBIBuwjH3AvHnestoh5uD0WKT5b+wkQxDWVCqp9qgVjMBTLNhX19ZYFtenunt9A==",
        "dependencies": {
          "System.CommandLine": "2.0.0-beta4.22272.1"
        }
      },
      "AWSSDK.Core": {
        "type": "Transitive",
        "resolved": "3.7.300.3",
        "contentHash": "Ffqx+2+VXUxan1R/sHryxz6cDyJWScftN4hmpBOuKLOkNK+jcP2E0ODmPEzwGKeB1XnRRkjyfaRO0r1JD5FIQw=="
      }
    },
    "net8.0": {
      "AWSSDK.CloudFormation": {
        "type": "Direct",
        "requested": "[3.7.300.3, )",
        "resolved": "3.7.300.3",
        "contentHash": "2yoCBTR8+r8OCxOkMsb3sVSgsuCs7Hrvk6vwUcE73dFnC48IVPYlaCdUJWb8sJ2uolvH/s5skfhOD5N4c+h00Q==",
        "dependencies": {
          "AWSSDK.Core": "[3.7.300.3, 4.0.0)"
        }
      },
      "System.CommandLine": {
        "type": "Direct",
        "requested": "[2.0.0-beta4.22272.1, )",
        "resolved": "2.0.0-beta4.22272.1",
        "contentHash": "1uqED/q2H0kKoLJ4+hI2iPSBSEdTuhfCYADeJrAqERmiGQ2NNacYKRNEQ+gFbU4glgVyK8rxI+ZOe1onEtr/Pg=="
      },
      "System.CommandLine.NamingConventionBinder": {
        "type": "Direct",
        "requested": "[2.0.0-beta4.22272.1, )",
        "resolved": "2.0.0-beta4.22272.1",
        "contentHash": "ux2eUA/syF+JtlpMDc/Lsd6PBIBuwjH3AvHnestoh5uD0WKT5b+wkQxDWVCqp9qgVjMBTLNhX19ZYFtenunt9A==",
        "dependencies": {
          "System.CommandLine": "2.0.0-beta4.22272.1"
        }
      },
      "AWSSDK.Core": {
        "type": "Transitive",
        "resolved": "3.7.300.3",
        "contentHash": "Ffqx+2+VXUxan1R/sHryxz6cDyJWScftN4hmpBOuKLOkNK+jcP2E0ODmPEzwGKeB1XnRRkjyfaRO0r1JD5FIQw=="
      }
    }
  }
}