{
  "version": 1,
  "dependencies": {
    "net6.0": {
      "AWSSDK.CloudFormation": {
        "type": "Direct",
        "requested": "[3.7.102.2, )",
        "resolved": "3.7.102.2",
        "contentHash": "gnuK1NIyZYV07sn0UmoZZWR+sDwOpYpuKImqdzD5yvTPRtIkA3j2Y2bxbjRRHYT28BysNuU5JFOsbhsfJxTCGQ==",
        "dependencies": {
          "AWSSDK.Core": "[3.7.100.21, 4.0.0)"
        }
      },
      "System.CommandLine": {
        "type": "Direct",
        "requested": "[2.0.0-beta3.22114.1, )",
        "resolved": "2.0.0-beta3.22114.1",
        "contentHash": "QMzk1jj+PzdGbwuVsxII7FcQaCelnK+TcRcAqOGVoPovLBCSQPdikKiEzb56vAidvum5t4LSdDZ34O4j7+ALgw=="
      },
      "System.CommandLine.NamingConventionBinder": {
        "type": "Direct",
        "requested": "[2.0.0-beta3.22114.1, )",
        "resolved": "2.0.0-beta3.22114.1",
        "contentHash": "sNy+prEfFXmNPL29FRaS35rwCT9gpXRT/LywFnCw1iB8b3aIp5eDOL0ykKrVdLVP3pYSvrBWVvb7cQZVMwE69A==",
        "dependencies": {
          "System.CommandLine": "2.0.0-beta3.22114.1"
        }
      },
      "AWSSDK.Core": {
        "type": "Transitive",
        "resolved": "3.7.100.21",
        "contentHash": "yU8kCoEHA39yqFrxqlkEKANHW5Bp3n4CaAwVmZNcq+pyl9o2lK33s3N+7gpns+jvn7BRF6C8EJ4c6sqlGg9h7Q=="
      }
    },
    "net7.0": {
      "AWSSDK.CloudFormation": {
        "type": "Direct",
        "requested": "[3.7.102.2, )",
        "resolved": "3.7.102.2",
        "contentHash": "gnuK1NIyZYV07sn0UmoZZWR+sDwOpYpuKImqdzD5yvTPRtIkA3j2Y2bxbjRRHYT28BysNuU5JFOsbhsfJxTCGQ==",
        "dependencies": {
          "AWSSDK.Core": "[3.7.100.21, 4.0.0)"
        }
      },
      "System.CommandLine": {
        "type": "Direct",
        "requested": "[2.0.0-beta3.22114.1, )",
        "resolved": "2.0.0-beta3.22114.1",
        "contentHash": "QMzk1jj+PzdGbwuVsxII7FcQaCelnK+TcRcAqOGVoPovLBCSQPdikKiEzb56vAidvum5t4LSdDZ34O4j7+ALgw=="
      },
      "System.CommandLine.NamingConventionBinder": {
        "type": "Direct",
        "requested": "[2.0.0-beta3.22114.1, )",
        "resolved": "2.0.0-beta3.22114.1",
        "contentHash": "sNy+prEfFXmNPL29FRaS35rwCT9gpXRT/LywFnCw1iB8b3aIp5eDOL0ykKrVdLVP3pYSvrBWVvb7cQZVMwE69A==",
        "dependencies": {
          "System.CommandLine": "2.0.0-beta3.22114.1"
        }
      },
      "AWSSDK.Core": {
        "type": "Transitive",
        "resolved": "3.7.100.21",
        "contentHash": "yU8kCoEHA39yqFrxqlkEKANHW5Bp3n4CaAwVmZNcq+pyl9o2lK33s3N+7gpns+jvn7BRF6C8EJ4c6sqlGg9h7Q=="
      }
    }
  }
}